
Microsoft Visual Studio Solution File, Format Version 12.00
# Visual Studio Version 17
VisualStudioVersion = 17.9.34728.123
MinimumVisualStudioVersion = 10.0.40219.1
Project("{8BC9CEB8-8B4A-11D0-8D11-00A0C91BC942}") = "DriverStart", "DriverStart.vcxproj", "{75CCB401-4E7D-4349-AFE4-FA244EE3C2BC}"
EndProject
Project("{8BC9CEB8-8B4A-11D0-8D11-00A0C91BC942}") = "Ch3", "..\Ch3\Ch3.vcxproj", "{26A30DA5-4740-45E2-A1E8-41765F374D8A}"
EndProject
Project("{8BC9CEB8-8B4A-11D0-8D11-00A0C91BC942}") = "Beep", "..\Beep\Beep.vcxproj", "{1EDD47E7-6949-4D7E-8F8A-C01EBF2A030C}"
EndProject
Project("{8BC9CEB8-8B4A-11D0-8D11-00A0C91BC942}") = "ch4", "..\ch4\ch4.vcxproj", "{1190A7F8-7807-4FB7-97B9-2753687D2F52}"
EndProject
Project("{8BC9CEB8-8B4A-11D0-8D11-00A0C91BC942}") = "BoosterClient", "..\BoosterClient\BoosterClient.vcxproj", "{377407B4-E835-4F31-91A4-5EDF6FC6FE13}"
EndProject
Global
	GlobalSection(SolutionConfigurationPlatforms) = preSolution
		Debug|ARM64 = Debug|ARM64
		Debug|x64 = Debug|x64
		Debug|x86 = Debug|x86
		Release|ARM64 = Release|ARM64
		Release|x64 = Release|x64
		Release|x86 = Release|x86
	EndGlobalSection
	GlobalSection(ProjectConfigurationPlatforms) = postSolution
		{75CCB401-4E7D-4349-AFE4-FA244EE3C2BC}.Debug|ARM64.ActiveCfg = Debug|ARM64
		{75CCB401-4E7D-4349-AFE4-FA244EE3C2BC}.Debug|ARM64.Build.0 = Debug|ARM64
		{75CCB401-4E7D-4349-AFE4-FA244EE3C2BC}.Debug|ARM64.Deploy.0 = Debug|ARM64
		{75CCB401-4E7D-4349-AFE4-FA244EE3C2BC}.Debug|x64.ActiveCfg = Debug|x64
		{75CCB401-4E7D-4349-AFE4-FA244EE3C2BC}.Debug|x64.Build.0 = Debug|x64
		{75CCB401-4E7D-4349-AFE4-FA244EE3C2BC}.Debug|x64.Deploy.0 = Debug|x64
		{75CCB401-4E7D-4349-AFE4-FA244EE3C2BC}.Debug|x86.ActiveCfg = Debug|x64
		{75CCB401-4E7D-4349-AFE4-FA244EE3C2BC}.Debug|x86.Build.0 = Debug|x64
		{75CCB401-4E7D-4349-AFE4-FA244EE3C2BC}.Debug|x86.Deploy.0 = Debug|x64
		{75CCB401-4E7D-4349-AFE4-FA244EE3C2BC}.Release|ARM64.ActiveCfg = Release|ARM64
		{75CCB401-4E7D-4349-AFE4-FA244EE3C2BC}.Release|ARM64.Build.0 = Release|ARM64
		{75CCB401-4E7D-4349-AFE4-FA244EE3C2BC}.Release|ARM64.Deploy.0 = Release|ARM64
		{75CCB401-4E7D-4349-AFE4-FA244EE3C2BC}.Release|x64.ActiveCfg = Release|x64
		{75CCB401-4E7D-4349-AFE4-FA244EE3C2BC}.Release|x64.Build.0 = Release|x64
		{75CCB401-4E7D-4349-AFE4-FA244EE3C2BC}.Release|x64.Deploy.0 = Release|x64
		{75CCB401-4E7D-4349-AFE4-FA244EE3C2BC}.Release|x86.ActiveCfg = Release|x64
		{75CCB401-4E7D-4349-AFE4-FA244EE3C2BC}.Release|x86.Build.0 = Release|x64
		{75CCB401-4E7D-4349-AFE4-FA244EE3C2BC}.Release|x86.Deploy.0 = Release|x64
		{26A30DA5-4740-45E2-A1E8-41765F374D8A}.Debug|ARM64.ActiveCfg = Debug|ARM64
		{26A30DA5-4740-45E2-A1E8-41765F374D8A}.Debug|ARM64.Build.0 = Debug|ARM64
		{26A30DA5-4740-45E2-A1E8-41765F374D8A}.Debug|ARM64.Deploy.0 = Debug|ARM64
		{26A30DA5-4740-45E2-A1E8-41765F374D8A}.Debug|x64.ActiveCfg = Debug|x64
		{26A30DA5-4740-45E2-A1E8-41765F374D8A}.Debug|x64.Build.0 = Debug|x64
		{26A30DA5-4740-45E2-A1E8-41765F374D8A}.Debug|x64.Deploy.0 = Debug|x64
		{26A30DA5-4740-45E2-A1E8-41765F374D8A}.Debug|x86.ActiveCfg = Debug|x64
		{26A30DA5-4740-45E2-A1E8-41765F374D8A}.Debug|x86.Build.0 = Debug|x64
		{26A30DA5-4740-45E2-A1E8-41765F374D8A}.Debug|x86.Deploy.0 = Debug|x64
		{26A30DA5-4740-45E2-A1E8-41765F374D8A}.Release|ARM64.ActiveCfg = Release|ARM64
		{26A30DA5-4740-45E2-A1E8-41765F374D8A}.Release|ARM64.Build.0 = Release|ARM64
		{26A30DA5-4740-45E2-A1E8-41765F374D8A}.Release|ARM64.Deploy.0 = Release|ARM64
		{26A30DA5-4740-45E2-A1E8-41765F374D8A}.Release|x64.ActiveCfg = Release|x64
		{26A30DA5-4740-45E2-A1E8-41765F374D8A}.Release|x64.Build.0 = Release|x64
		{26A30DA5-4740-45E2-A1E8-41765F374D8A}.Release|x64.Deploy.0 = Release|x64
		{26A30DA5-4740-45E2-A1E8-41765F374D8A}.Release|x86.ActiveCfg = Release|x64
		{26A30DA5-4740-45E2-A1E8-41765F374D8A}.Release|x86.Build.0 = Release|x64
		{26A30DA5-4740-45E2-A1E8-41765F374D8A}.Release|x86.Deploy.0 = Release|x64
		{1EDD47E7-6949-4D7E-8F8A-C01EBF2A030C}.Debug|ARM64.ActiveCfg = Debug|x64
		{1EDD47E7-6949-4D7E-8F8A-C01EBF2A030C}.Debug|ARM64.Build.0 = Debug|x64
		{1EDD47E7-6949-4D7E-8F8A-C01EBF2A030C}.Debug|x64.ActiveCfg = Debug|x64
		{1EDD47E7-6949-4D7E-8F8A-C01EBF2A030C}.Debug|x64.Build.0 = Debug|x64
		{1EDD47E7-6949-4D7E-8F8A-C01EBF2A030C}.Debug|x86.ActiveCfg = Debug|Win32
		{1EDD47E7-6949-4D7E-8F8A-C01EBF2A030C}.Debug|x86.Build.0 = Debug|Win32
		{1EDD47E7-6949-4D7E-8F8A-C01EBF2A030C}.Release|ARM64.ActiveCfg = Release|x64
		{1EDD47E7-6949-4D7E-8F8A-C01EBF2A030C}.Release|ARM64.Build.0 = Release|x64
		{1EDD47E7-6949-4D7E-8F8A-C01EBF2A030C}.Release|x64.ActiveCfg = Release|x64
		{1EDD47E7-6949-4D7E-8F8A-C01EBF2A030C}.Release|x64.Build.0 = Release|x64
		{1EDD47E7-6949-4D7E-8F8A-C01EBF2A030C}.Release|x86.ActiveCfg = Release|Win32
		{1EDD47E7-6949-4D7E-8F8A-C01EBF2A030C}.Release|x86.Build.0 = Release|Win32
		{1190A7F8-7807-4FB7-97B9-2753687D2F52}.Debug|ARM64.ActiveCfg = Debug|ARM64
		{1190A7F8-7807-4FB7-97B9-2753687D2F52}.Debug|ARM64.Build.0 = Debug|ARM64
		{1190A7F8-7807-4FB7-97B9-2753687D2F52}.Debug|ARM64.Deploy.0 = Debug|ARM64
		{1190A7F8-7807-4FB7-97B9-2753687D2F52}.Debug|x64.ActiveCfg = Debug|x64
		{1190A7F8-7807-4FB7-97B9-2753687D2F52}.Debug|x64.Build.0 = Debug|x64
		{1190A7F8-7807-4FB7-97B9-2753687D2F52}.Debug|x64.Deploy.0 = Debug|x64
		{1190A7F8-7807-4FB7-97B9-2753687D2F52}.Debug|x86.ActiveCfg = Debug|x64
		{1190A7F8-7807-4FB7-97B9-2753687D2F52}.Debug|x86.Build.0 = Debug|x64
		{1190A7F8-7807-4FB7-97B9-2753687D2F52}.Debug|x86.Deploy.0 = Debug|x64
		{1190A7F8-7807-4FB7-97B9-2753687D2F52}.Release|ARM64.ActiveCfg = Release|ARM64
		{1190A7F8-7807-4FB7-97B9-2753687D2F52}.Release|ARM64.Build.0 = Release|ARM64
		{1190A7F8-7807-4FB7-97B9-2753687D2F52}.Release|ARM64.Deploy.0 = Release|ARM64
		{1190A7F8-7807-4FB7-97B9-2753687D2F52}.Release|x64.ActiveCfg = Release|x64
		{1190A7F8-7807-4FB7-97B9-2753687D2F52}.Release|x64.Build.0 = Release|x64
		{1190A7F8-7807-4FB7-97B9-2753687D2F52}.Release|x64.Deploy.0 = Release|x64
		{1190A7F8-7807-4FB7-97B9-2753687D2F52}.Release|x86.ActiveCfg = Release|x64
		{1190A7F8-7807-4FB7-97B9-2753687D2F52}.Release|x86.Build.0 = Release|x64
		{1190A7F8-7807-4FB7-97B9-2753687D2F52}.Release|x86.Deploy.0 = Release|x64
		{377407B4-E835-4F31-91A4-5EDF6FC6FE13}.Debug|ARM64.ActiveCfg = Debug|x64
		{377407B4-E835-4F31-91A4-5EDF6FC6FE13}.Debug|ARM64.Build.0 = Debug|x64
		{377407B4-E835-4F31-91A4-5EDF6FC6FE13}.Debug|x64.ActiveCfg = Debug|x64
		{377407B4-E835-4F31-91A4-5EDF6FC6FE13}.Debug|x64.Build.0 = Debug|x64
		{377407B4-E835-4F31-91A4-5EDF6FC6FE13}.Debug|x86.ActiveCfg = Debug|Win32
		{377407B4-E835-4F31-91A4-5EDF6FC6FE13}.Debug|x86.Build.0 = Debug|Win32
		{377407B4-E835-4F31-91A4-5EDF6FC6FE13}.Release|ARM64.ActiveCfg = Release|x64
		{377407B4-E835-4F31-91A4-5EDF6FC6FE13}.Release|ARM64.Build.0 = Release|x64
		{377407B4-E835-4F31-91A4-5EDF6FC6FE13}.Release|x64.ActiveCfg = Release|x64
		{377407B4-E835-4F31-91A4-5EDF6FC6FE13}.Release|x64.Build.0 = Release|x64
		{377407B4-E835-4F31-91A4-5EDF6FC6FE13}.Release|x86.ActiveCfg = Release|Win32
		{377407B4-E835-4F31-91A4-5EDF6FC6FE13}.Release|x86.Build.0 = Release|Win32
	EndGlobalSection
	GlobalSection(SolutionProperties) = preSolution
		HideSolutionNode = FALSE
	EndGlobalSection
	GlobalSection(ExtensibilityGlobals) = postSolution
		SolutionGuid = {9806620F-07F6-4AF3-93B5-15AE0ED8E194}
	EndGlobalSection
EndGlobal
